// !$*UTF8*$!
{
	archiveVersion = 1;
	classes = {
	};
	objectVersion = 55;
	objects = {

/* Begin PBXBuildFile section */
		C949870E284CBE64003CFE64 /* Book.swift in Sources */ = {isa = PBXBuildFile; fileRef = C949870D284CBE64003CFE64 /* Book.swift */; };
		C994C446284BAD8B001C2817 /* AppDelegate.swift in Sources */ = {isa = PBXBuildFile; fileRef = C994C445284BAD8B001C2817 /* AppDelegate.swift */; };
		C994C448284BAD8B001C2817 /* SceneDelegate.swift in Sources */ = {isa = PBXBuildFile; fileRef = C994C447284BAD8B001C2817 /* SceneDelegate.swift */; };
		C994C44A284BAD8B001C2817 /* ViewController.swift in Sources */ = {isa = PBXBuildFile; fileRef = C994C449284BAD8B001C2817 /* ViewController.swift */; };
		C994C44D284BAD8B001C2817 /* Main.storyboard in Resources */ = {isa = PBXBuildFile; fileRef = C994C44B284BAD8B001C2817 /* Main.storyboard */; };
		C994C44F284BAD8D001C2817 /* Assets.xcassets in Resources */ = {isa = PBXBuildFile; fileRef = C994C44E284BAD8D001C2817 /* Assets.xcassets */; };
		C994C452284BAD8D001C2817 /* LaunchScreen.storyboard in Resources */ = {isa = PBXBuildFile; fileRef = C994C450284BAD8D001C2817 /* LaunchScreen.storyboard */; };
		C994C479284BBBAA001C2817 /* Alamofire.framework in Frameworks */ = {isa = PBXBuildFile; fileRef = C994C469284BBB8E001C2817 /* Alamofire.framework */; };
		C994C47A284BBBAA001C2817 /* Alamofire.framework in Embed Frameworks */ = {isa = PBXBuildFile; fileRef = C994C469284BBB8E001C2817 /* Alamofire.framework */; settings = {ATTRIBUTES = (CodeSignOnCopy, RemoveHeadersOnCopy, ); }; };
		C994C485284CB69C001C2817 /* Kingfisher.framework in Frameworks */ = {isa = PBXBuildFile; fileRef = C994C482284CB67E001C2817 /* Kingfisher.framework */; platformFilter = ios; };
		C994C486284CB69C001C2817 /* Kingfisher.framework in Embed Frameworks */ = {isa = PBXBuildFile; fileRef = C994C482284CB67E001C2817 /* Kingfisher.framework */; settings = {ATTRIBUTES = (CodeSignOnCopy, RemoveHeadersOnCopy, ); }; };
		C994C489284CB844001C2817 /* BooksTableViewCell.swift in Sources */ = {isa = PBXBuildFile; fileRef = C994C487284CB844001C2817 /* BooksTableViewCell.swift */; };
		C994C48A284CB844001C2817 /* BooksTableViewCell.xib in Resources */ = {isa = PBXBuildFile; fileRef = C994C488284CB844001C2817 /* BooksTableViewCell.xib */; };
/* End PBXBuildFile section */

/* Begin PBXContainerItemProxy section */
		C994C468284BBB8E001C2817 /* PBXContainerItemProxy */ = {
			isa = PBXContainerItemProxy;
			containerPortal = C994C45D284BBB8E001C2817 /* Alamofire.xcodeproj */;
			proxyType = 2;
			remoteGlobalIDString = F8111E3319A95C8B0040E7D1;
			remoteInfo = "Alamofire iOS";
		};
		C994C46A284BBB8E001C2817 /* PBXContainerItemProxy */ = {
			isa = PBXContainerItemProxy;
			containerPortal = C994C45D284BBB8E001C2817 /* Alamofire.xcodeproj */;
			proxyType = 2;
			remoteGlobalIDString = F8111E3E19A95C8B0040E7D1;
			remoteInfo = "Alamofire iOS Tests";
		};
		C994C46C284BBB8E001C2817 /* PBXContainerItemProxy */ = {
			isa = PBXContainerItemProxy;
			containerPortal = C994C45D284BBB8E001C2817 /* Alamofire.xcodeproj */;
			proxyType = 2;
			remoteGlobalIDString = 4DD67C0B1A5C55C900ED2280;
			remoteInfo = "Alamofire macOS";
		};
		C994C46E284BBB8E001C2817 /* PBXContainerItemProxy */ = {
			isa = PBXContainerItemProxy;
			containerPortal = C994C45D284BBB8E001C2817 /* Alamofire.xcodeproj */;
			proxyType = 2;
			remoteGlobalIDString = F829C6B21A7A94F100A2CD59;
			remoteInfo = "Alamofire macOS Tests";
		};
		C994C470284BBB8E001C2817 /* PBXContainerItemProxy */ = {
			isa = PBXContainerItemProxy;
			containerPortal = C994C45D284BBB8E001C2817 /* Alamofire.xcodeproj */;
			proxyType = 2;
			remoteGlobalIDString = 4CF626EF1BA7CB3E0011A099;
			remoteInfo = "Alamofire tvOS";
		};
		C994C472284BBB8E001C2817 /* PBXContainerItemProxy */ = {
			isa = PBXContainerItemProxy;
			containerPortal = C994C45D284BBB8E001C2817 /* Alamofire.xcodeproj */;
			proxyType = 2;
			remoteGlobalIDString = 4CF626F81BA7CB3E0011A099;
			remoteInfo = "Alamofire tvOS Tests";
		};
		C994C474284BBB8E001C2817 /* PBXContainerItemProxy */ = {
			isa = PBXContainerItemProxy;
			containerPortal = C994C45D284BBB8E001C2817 /* Alamofire.xcodeproj */;
			proxyType = 2;
			remoteGlobalIDString = E4202FE01B667AA100C997FB;
			remoteInfo = "Alamofire watchOS";
		};
		C994C476284BBB8E001C2817 /* PBXContainerItemProxy */ = {
			isa = PBXContainerItemProxy;
			containerPortal = C994C45D284BBB8E001C2817 /* Alamofire.xcodeproj */;
			proxyType = 2;
			remoteGlobalIDString = 31293065263E17D600473CEA;
			remoteInfo = "Alamofire watchOS Tests";
		};
		C994C481284CB67E001C2817 /* PBXContainerItemProxy */ = {
			isa = PBXContainerItemProxy;
			containerPortal = C994C47C284CB67E001C2817 /* Kingfisher.xcodeproj */;
			proxyType = 2;
			remoteGlobalIDString = D1ED2D351AD2D09F00CFC3EB;
			remoteInfo = Kingfisher;
		};
		C994C483284CB67E001C2817 /* PBXContainerItemProxy */ = {
			isa = PBXContainerItemProxy;
			containerPortal = C994C47C284CB67E001C2817 /* Kingfisher.xcodeproj */;
			proxyType = 2;
			remoteGlobalIDString = D1ED2D3F1AD2D09F00CFC3EB;
			remoteInfo = KingfisherTests;
		};
/* End PBXContainerItemProxy section */

/* Begin PBXCopyFilesBuildPhase section */
		C994C47B284BBBAA001C2817 /* Embed Frameworks */ = {
			isa = PBXCopyFilesBuildPhase;
			buildActionMask = 2147483647;
			dstPath = "";
			dstSubfolderSpec = 10;
			files = (
				C994C486284CB69C001C2817 /* Kingfisher.framework in Embed Frameworks */,
				C994C47A284BBBAA001C2817 /* Alamofire.framework in Embed Frameworks */,
			);
			name = "Embed Frameworks";
			runOnlyForDeploymentPostprocessing = 0;
		};
/* End PBXCopyFilesBuildPhase section */

/* Begin PBXFileReference section */
		C949870D284CBE64003CFE64 /* Book.swift */ = {isa = PBXFileReference; lastKnownFileType = sourcecode.swift; path = Book.swift; sourceTree = "<group>"; };
		C994C442284BAD8B001C2817 /* Exam.app */ = {isa = PBXFileReference; explicitFileType = wrapper.application; includeInIndex = 0; path = Exam.app; sourceTree = BUILT_PRODUCTS_DIR; };
		C994C445284BAD8B001C2817 /* AppDelegate.swift */ = {isa = PBXFileReference; lastKnownFileType = sourcecode.swift; path = AppDelegate.swift; sourceTree = "<group>"; };
		C994C447284BAD8B001C2817 /* SceneDelegate.swift */ = {isa = PBXFileReference; lastKnownFileType = sourcecode.swift; path = SceneDelegate.swift; sourceTree = "<group>"; };
		C994C449284BAD8B001C2817 /* ViewController.swift */ = {isa = PBXFileReference; lastKnownFileType = sourcecode.swift; path = ViewController.swift; sourceTree = "<group>"; };
		C994C44C284BAD8B001C2817 /* Base */ = {isa = PBXFileReference; lastKnownFileType = file.storyboard; name = Base; path = Base.lproj/Main.storyboard; sourceTree = "<group>"; };
		C994C44E284BAD8D001C2817 /* Assets.xcassets */ = {isa = PBXFileReference; lastKnownFileType = folder.assetcatalog; path = Assets.xcassets; sourceTree = "<group>"; };
		C994C451284BAD8D001C2817 /* Base */ = {isa = PBXFileReference; lastKnownFileType = file.storyboard; name = Base; path = Base.lproj/LaunchScreen.storyboard; sourceTree = "<group>"; };
		C994C453284BAD8D001C2817 /* Info.plist */ = {isa = PBXFileReference; lastKnownFileType = text.plist.xml; path = Info.plist; sourceTree = "<group>"; };
		C994C45D284BBB8E001C2817 /* Alamofire.xcodeproj */ = {isa = PBXFileReference; lastKnownFileType = "wrapper.pb-project"; name = Alamofire.xcodeproj; path = "Alamofire-master/Alamofire.xcodeproj"; sourceTree = "<group>"; };
		C994C47C284CB67E001C2817 /* Kingfisher.xcodeproj */ = {isa = PBXFileReference; lastKnownFileType = "wrapper.pb-project"; name = Kingfisher.xcodeproj; path = "Kingfisher-master/Kingfisher.xcodeproj"; sourceTree = "<group>"; };
		C994C487284CB844001C2817 /* BooksTableViewCell.swift */ = {isa = PBXFileReference; lastKnownFileType = sourcecode.swift; path = BooksTableViewCell.swift; sourceTree = "<group>"; };
		C994C488284CB844001C2817 /* BooksTableViewCell.xib */ = {isa = PBXFileReference; lastKnownFileType = file.xib; path = BooksTableViewCell.xib; sourceTree = "<group>"; };
/* End PBXFileReference section */

/* Begin PBXFrameworksBuildPhase section */
		C994C43F284BAD8B001C2817 /* Frameworks */ = {
			isa = PBXFrameworksBuildPhase;
			buildActionMask = 2147483647;
			files = (
				C994C485284CB69C001C2817 /* Kingfisher.framework in Frameworks */,
				C994C479284BBBAA001C2817 /* Alamofire.framework in Frameworks */,
			);
			runOnlyForDeploymentPostprocessing = 0;
		};
/* End PBXFrameworksBuildPhase section */

/* Begin PBXGroup section */
		C994C439284BAD8B001C2817 = {
			isa = PBXGroup;
			children = (
				C994C47C284CB67E001C2817 /* Kingfisher.xcodeproj */,
				C994C45D284BBB8E001C2817 /* Alamofire.xcodeproj */,
				C994C444284BAD8B001C2817 /* Exam */,
				C994C443284BAD8B001C2817 /* Products */,
				C994C478284BBBAA001C2817 /* Frameworks */,
			);
			sourceTree = "<group>";
		};
		C994C443284BAD8B001C2817 /* Products */ = {
			isa = PBXGroup;
			children = (
				C994C442284BAD8B001C2817 /* Exam.app */,
			);
			name = Products;
			sourceTree = "<group>";
		};
		C994C444284BAD8B001C2817 /* Exam */ = {
			isa = PBXGroup;
			children = (
				C994C445284BAD8B001C2817 /* AppDelegate.swift */,
				C994C447284BAD8B001C2817 /* SceneDelegate.swift */,
				C994C449284BAD8B001C2817 /* ViewController.swift */,
				C949870D284CBE64003CFE64 /* Book.swift */,
				C994C44B284BAD8B001C2817 /* Main.storyboard */,
				C994C44E284BAD8D001C2817 /* Assets.xcassets */,
				C994C450284BAD8D001C2817 /* LaunchScreen.storyboard */,
				C994C453284BAD8D001C2817 /* Info.plist */,
				C994C48B284CB86C001C2817 /* Books */,
			);
			path = Exam;
			sourceTree = "<group>";
		};
		C994C45E284BBB8E001C2817 /* Products */ = {
			isa = PBXGroup;
			children = (
				C994C469284BBB8E001C2817 /* Alamofire.framework */,
				C994C46B284BBB8E001C2817 /* Alamofire iOS Tests.xctest */,
				C994C46D284BBB8E001C2817 /* Alamofire.framework */,
				C994C46F284BBB8E001C2817 /* Alamofire macOS Tests.xctest */,
				C994C471284BBB8E001C2817 /* Alamofire.framework */,
				C994C473284BBB8E001C2817 /* Alamofire tvOS Tests.xctest */,
				C994C475284BBB8E001C2817 /* Alamofire.framework */,
				C994C477284BBB8E001C2817 /* Alamofire watchOS Tests.xctest */,
			);
			name = Products;
			sourceTree = "<group>";
		};
		C994C478284BBBAA001C2817 /* Frameworks */ = {
			isa = PBXGroup;
			children = (
			);
			name = Frameworks;
			sourceTree = "<group>";
		};
		C994C47D284CB67E001C2817 /* Products */ = {
			isa = PBXGroup;
			children = (
				C994C482284CB67E001C2817 /* Kingfisher.framework */,
				C994C484284CB67E001C2817 /* KingfisherTests.xctest */,
			);
			name = Products;
			sourceTree = "<group>";
		};
		C994C48B284CB86C001C2817 /* Books */ = {
			isa = PBXGroup;
			children = (
				C994C487284CB844001C2817 /* BooksTableViewCell.swift */,
				C994C488284CB844001C2817 /* BooksTableViewCell.xib */,
			);
			path = Books;
			sourceTree = "<group>";
		};
/* End PBXGroup section */

/* Begin PBXNativeTarget section */
		C994C441284BAD8B001C2817 /* Exam */ = {
			isa = PBXNativeTarget;
			buildConfigurationList = C994C456284BAD8D001C2817 /* Build configuration list for PBXNativeTarget "Exam" */;
			buildPhases = (
				C994C43E284BAD8B001C2817 /* Sources */,
				C994C43F284BAD8B001C2817 /* Frameworks */,
				C994C440284BAD8B001C2817 /* Resources */,
				C994C47B284BBBAA001C2817 /* Embed Frameworks */,
			);
			buildRules = (
			);
			dependencies = (
			);
			name = Exam;
			productName = Exam;
			productReference = C994C442284BAD8B001C2817 /* Exam.app */;
			productType = "com.apple.product-type.application";
		};
/* End PBXNativeTarget section */

/* Begin PBXProject section */
		C994C43A284BAD8B001C2817 /* Project object */ = {
			isa = PBXProject;
			attributes = {
				BuildIndependentTargetsInParallel = 1;
				LastSwiftUpdateCheck = 1330;
				LastUpgradeCheck = 1330;
				TargetAttributes = {
					C994C441284BAD8B001C2817 = {
						CreatedOnToolsVersion = 13.3.1;
					};
				};
			};
			buildConfigurationList = C994C43D284BAD8B001C2817 /* Build configuration list for PBXProject "Exam" */;
			compatibilityVersion = "Xcode 13.0";
			developmentRegion = en;
			hasScannedForEncodings = 0;
			knownRegions = (
				en,
				Base,
			);
			mainGroup = C994C439284BAD8B001C2817;
			productRefGroup = C994C443284BAD8B001C2817 /* Products */;
			projectDirPath = "";
			projectReferences = (
				{
					ProductGroup = C994C45E284BBB8E001C2817 /* Products */;
					ProjectRef = C994C45D284BBB8E001C2817 /* Alamofire.xcodeproj */;
				},
				{
					ProductGroup = C994C47D284CB67E001C2817 /* Products */;
					ProjectRef = C994C47C284CB67E001C2817 /* Kingfisher.xcodeproj */;
				},
			);
			projectRoot = "";
			targets = (
				C994C441284BAD8B001C2817 /* Exam */,
			);
		};
/* End PBXProject section */

/* Begin PBXReferenceProxy section */
		C994C469284BBB8E001C2817 /* Alamofire.framework */ = {
			isa = PBXReferenceProxy;
			fileType = wrapper.framework;
			path = Alamofire.framework;
			remoteRef = C994C468284BBB8E001C2817 /* PBXContainerItemProxy */;
			sourceTree = BUILT_PRODUCTS_DIR;
		};
		C994C46B284BBB8E001C2817 /* Alamofire iOS Tests.xctest */ = {
			isa = PBXReferenceProxy;
			fileType = wrapper.cfbundle;
			path = "Alamofire iOS Tests.xctest";
			remoteRef = C994C46A284BBB8E001C2817 /* PBXContainerItemProxy */;
			sourceTree = BUILT_PRODUCTS_DIR;
		};
		C994C46D284BBB8E001C2817 /* Alamofire.framework */ = {
			isa = PBXReferenceProxy;
			fileType = wrapper.framework;
			path = Alamofire.framework;
			remoteRef = C994C46C284BBB8E001C2817 /* PBXContainerItemProxy */;
			sourceTree = BUILT_PRODUCTS_DIR;
		};
		C994C46F284BBB8E001C2817 /* Alamofire macOS Tests.xctest */ = {
			isa = PBXReferenceProxy;
			fileType = wrapper.cfbundle;
			path = "Alamofire macOS Tests.xctest";
			remoteRef = C994C46E284BBB8E001C2817 /* PBXContainerItemProxy */;
			sourceTree = BUILT_PRODUCTS_DIR;
		};
		C994C471284BBB8E001C2817 /* Alamofire.framework */ = {
			isa = PBXReferenceProxy;
			fileType = wrapper.framework;
			path = Alamofire.framework;
			remoteRef = C994C470284BBB8E001C2817 /* PBXContainerItemProxy */;
			sourceTree = BUILT_PRODUCTS_DIR;
		};
		C994C473284BBB8E001C2817 /* Alamofire tvOS Tests.xctest */ = {
			isa = PBXReferenceProxy;
			fileType = wrapper.cfbundle;
			path = "Alamofire tvOS Tests.xctest";
			remoteRef = C994C472284BBB8E001C2817 /* PBXContainerItemProxy */;
			sourceTree = BUILT_PRODUCTS_DIR;
		};
		C994C475284BBB8E001C2817 /* Alamofire.framework */ = {
			isa = PBXReferenceProxy;
			fileType = wrapper.framework;
			path = Alamofire.framework;
			remoteRef = C994C474284BBB8E001C2817 /* PBXContainerItemProxy */;
			sourceTree = BUILT_PRODUCTS_DIR;
		};
		C994C477284BBB8E001C2817 /* Alamofire watchOS Tests.xctest */ = {
			isa = PBXReferenceProxy;
			fileType = wrapper.cfbundle;
			path = "Alamofire watchOS Tests.xctest";
			remoteRef = C994C476284BBB8E001C2817 /* PBXContainerItemProxy */;
			sourceTree = BUILT_PRODUCTS_DIR;
		};
		C994C482284CB67E001C2817 /* Kingfisher.framework */ = {
			isa = PBXReferenceProxy;
			fileType = wrapper.framework;
			path = Kingfisher.framework;
			remoteRef = C994C481284CB67E001C2817 /* PBXContainerItemProxy */;
			sourceTree = BUILT_PRODUCTS_DIR;
		};
		C994C484284CB67E001C2817 /* KingfisherTests.xctest */ = {
			isa = PBXReferenceProxy;
			fileType = wrapper.cfbundle;
			path = KingfisherTests.xctest;
			remoteRef = C994C483284CB67E001C2817 /* PBXContainerItemProxy */;
			sourceTree = BUILT_PRODUCTS_DIR;
		};
/* End PBXReferenceProxy section */

/* Begin PBXResourcesBuildPhase section */
		C994C440284BAD8B001C2817 /* Resources */ = {
			isa = PBXResourcesBuildPhase;
			buildActionMask = 2147483647;
			files = (
				C994C48A284CB844001C2817 /* BooksTableViewCell.xib in Resources */,
				C994C452284BAD8D001C2817 /* LaunchScreen.storyboard in Resources */,
				C994C44F284BAD8D001C2817 /* Assets.xcassets in Resources */,
				C994C44D284BAD8B001C2817 /* Main.storyboard in Resources */,
			);
			runOnlyForDeploymentPostprocessing = 0;
		};
/* End PBXResourcesBuildPhase section */

/* Begin PBXSourcesBuildPhase section */
		C994C43E284BAD8B001C2817 /* Sources */ = {
			isa = PBXSourcesBuildPhase;
			buildActionMask = 2147483647;
			files = (
				C994C489284CB844001C2817 /* BooksTableViewCell.swift in Sources */,
				C994C44A284BAD8B001C2817 /* ViewController.swift in Sources */,
				C994C446284BAD8B001C2817 /* AppDelegate.swift in Sources */,
				C994C448284BAD8B001C2817 /* SceneDelegate.swift in Sources */,
				C949870E284CBE64003CFE64 /* Book.swift in Sources */,
			);
			runOnlyForDeploymentPostprocessing = 0;
		};
/* End PBXSourcesBuildPhase section */

/* Begin PBXVariantGroup section */
		C994C44B284BAD8B001C2817 /* Main.storyboard */ = {
			isa = PBXVariantGroup;
			children = (
				C994C44C284BAD8B001C2817 /* Base */,
			);
			name = Main.storyboard;
			sourceTree = "<group>";
		};
		C994C450284BAD8D001C2817 /* LaunchScreen.storyboard */ = {
			isa = PBXVariantGroup;
			children = (
				C994C451284BAD8D001C2817 /* Base */,
			);
			name = LaunchScreen.storyboard;
			sourceTree = "<group>";
		};
/* End PBXVariantGroup section */

/* Begin XCBuildConfiguration section */
		C994C454284BAD8D001C2817 /* Debug */ = {
			isa = XCBuildConfiguration;
			buildSettings = {
				ALWAYS_SEARCH_USER_PATHS = NO;
				CLANG_ANALYZER_NONNULL = YES;
				CLANG_ANALYZER_NUMBER_OBJECT_CONVERSION = YES_AGGRESSIVE;
				CLANG_CXX_LANGUAGE_STANDARD = "gnu++17";
				CLANG_ENABLE_MODULES = YES;
				CLANG_ENABLE_OBJC_ARC = YES;
				CLANG_ENABLE_OBJC_WEAK = YES;
				CLANG_WARN_BLOCK_CAPTURE_AUTORELEASING = YES;
				CLANG_WARN_BOOL_CONVERSION = YES;
				CLANG_WARN_COMMA = YES;
				CLANG_WARN_CONSTANT_CONVERSION = YES;
				CLANG_WARN_DEPRECATED_OBJC_IMPLEMENTATIONS = YES;
				CLANG_WARN_DIRECT_OBJC_ISA_USAGE = YES_ERROR;
				CLANG_WARN_DOCUMENTATION_COMMENTS = YES;
				CLANG_WARN_EMPTY_BODY = YES;
				CLANG_WARN_ENUM_CONVERSION = YES;
				CLANG_WARN_INFINITE_RECURSION = YES;
				CLANG_WARN_INT_CONVERSION = YES;
				CLANG_WARN_NON_LITERAL_NULL_CONVERSION = YES;
				CLANG_WARN_OBJC_IMPLICIT_RETAIN_SELF = YES;
				CLANG_WARN_OBJC_LITERAL_CONVERSION = YES;
				CLANG_WARN_OBJC_ROOT_CLASS = YES_ERROR;
				CLANG_WARN_QUOTED_INCLUDE_IN_FRAMEWORK_HEADER = YES;
				CLANG_WARN_RANGE_LOOP_ANALYSIS = YES;
				CLANG_WARN_STRICT_PROTOTYPES = YES;
				CLANG_WARN_SUSPICIOUS_MOVE = YES;
				CLANG_WARN_UNGUARDED_AVAILABILITY = YES_AGGRESSIVE;
				CLANG_WARN_UNREACHABLE_CODE = YES;
				CLANG_WARN__DUPLICATE_METHOD_MATCH = YES;
				COPY_PHASE_STRIP = NO;
				DEBUG_INFORMATION_FORMAT = dwarf;
				ENABLE_STRICT_OBJC_MSGSEND = YES;
				ENABLE_TESTABILITY = YES;
				GCC_C_LANGUAGE_STANDARD = gnu11;
				GCC_DYNAMIC_NO_PIC = NO;
				GCC_NO_COMMON_BLOCKS = YES;
				GCC_OPTIMIZATION_LEVEL = 0;
				GCC_PREPROCESSOR_DEFINITIONS = (
					"DEBUG=1",
					"$(inherited)",
				);
				GCC_WARN_64_TO_32_BIT_CONVERSION = YES;
				GCC_WARN_ABOUT_RETURN_TYPE = YES_ERROR;
				GCC_WARN_UNDECLARED_SELECTOR = YES;
				GCC_WARN_UNINITIALIZED_AUTOS = YES_AGGRESSIVE;
				GCC_WARN_UNUSED_FUNCTION = YES;
				GCC_WARN_UNUSED_VARIABLE = YES;
				IPHONEOS_DEPLOYMENT_TARGET = 15.4;
				MTL_ENABLE_DEBUG_INFO = INCLUDE_SOURCE;
				MTL_FAST_MATH = YES;
				ONLY_ACTIVE_ARCH = YES;
				SDKROOT = iphoneos;
				SWIFT_ACTIVE_COMPILATION_CONDITIONS = DEBUG;
				SWIFT_OPTIMIZATION_LEVEL = "-Onone";
			};
			name = Debug;
		};
		C994C455284BAD8D001C2817 /* Release */ = {
			isa = XCBuildConfiguration;
			buildSettings = {
				ALWAYS_SEARCH_USER_PATHS = NO;
				CLANG_ANALYZER_NONNULL = YES;
				CLANG_ANALYZER_NUMBER_OBJECT_CONVERSION = YES_AGGRESSIVE;
				CLANG_CXX_LANGUAGE_STANDARD = "gnu++17";
				CLANG_ENABLE_MODULES = YES;
				CLANG_ENABLE_OBJC_ARC = YES;
				CLANG_ENABLE_OBJC_WEAK = YES;
				CLANG_WARN_BLOCK_CAPTURE_AUTORELEASING = YES;
				CLANG_WARN_BOOL_CONVERSION = YES;
				CLANG_WARN_COMMA = YES;
				CLANG_WARN_CONSTANT_CONVERSION = YES;
				CLANG_WARN_DEPRECATED_OBJC_IMPLEMENTATIONS = YES;
				CLANG_WARN_DIRECT_OBJC_ISA_USAGE = YES_ERROR;
				CLANG_WARN_DOCUMENTATION_COMMENTS = YES;
				CLANG_WARN_EMPTY_BODY = YES;
				CLANG_WARN_ENUM_CONVERSION = YES;
				CLANG_WARN_INFINITE_RECURSION = YES;
				CLANG_WARN_INT_CONVERSION = YES;
				CLANG_WARN_NON_LITERAL_NULL_CONVERSION = YES;
				CLANG_WARN_OBJC_IMPLICIT_RETAIN_SELF = YES;
				CLANG_WARN_OBJC_LITERAL_CONVERSION = YES;
				CLANG_WARN_OBJC_ROOT_CLASS = YES_ERROR;
				CLANG_WARN_QUOTED_INCLUDE_IN_FRAMEWORK_HEADER = YES;
				CLANG_WARN_RANGE_LOOP_ANALYSIS = YES;
				CLANG_WARN_STRICT_PROTOTYPES = YES;
				CLANG_WARN_SUSPICIOUS_MOVE = YES;
				CLANG_WARN_UNGUARDED_AVAILABILITY = YES_AGGRESSIVE;
				CLANG_WARN_UNREACHABLE_CODE = YES;
				CLANG_WARN__DUPLICATE_METHOD_MATCH = YES;
				COPY_PHASE_STRIP = NO;
				DEBUG_INFORMATION_FORMAT = "dwarf-with-dsym";
				ENABLE_NS_ASSERTIONS = NO;
				ENABLE_STRICT_OBJC_MSGSEND = YES;
				GCC_C_LANGUAGE_STANDARD = gnu11;
				GCC_NO_COMMON_BLOCKS = YES;
				GCC_WARN_64_TO_32_BIT_CONVERSION = YES;
				GCC_WARN_ABOUT_RETURN_TYPE = YES_ERROR;
				GCC_WARN_UNDECLARED_SELECTOR = YES;
				GCC_WARN_UNINITIALIZED_AUTOS = YES_AGGRESSIVE;
				GCC_WARN_UNUSED_FUNCTION = YES;
				GCC_WARN_UNUSED_VARIABLE = YES;
				IPHONEOS_DEPLOYMENT_TARGET = 15.4;
				MTL_ENABLE_DEBUG_INFO = NO;
				MTL_FAST_MATH = YES;
				SDKROOT = iphoneos;
				SWIFT_COMPILATION_MODE = wholemodule;
				SWIFT_OPTIMIZATION_LEVEL = "-O";
				VALIDATE_PRODUCT = YES;
			};
			name = Release;
		};
		C994C457284BAD8D001C2817 /* Debug */ = {
			isa = XCBuildConfiguration;
			buildSettings = {
				ASSETCATALOG_COMPILER_APPICON_NAME = AppIcon;
				ASSETCATALOG_COMPILER_GLOBAL_ACCENT_COLOR_NAME = AccentColor;
				CODE_SIGN_STYLE = Automatic;
				CURRENT_PROJECT_VERSION = 1;
				GENERATE_INFOPLIST_FILE = YES;
				INFOPLIST_FILE = Exam/Info.plist;
				INFOPLIST_KEY_UIApplicationSupportsIndirectInputEvents = YES;
				INFOPLIST_KEY_UILaunchStoryboardName = LaunchScreen;
				INFOPLIST_KEY_UIMainStoryboardFile = Main;
				INFOPLIST_KEY_UISupportedInterfaceOrientations_iPad = "UIInterfaceOrientationPortrait UIInterfaceOrientationPortraitUpsideDown UIInterfaceOrientationLandscapeLeft UIInterfaceOrientationLandscapeRight";
				INFOPLIST_KEY_UISupportedInterfaceOrientations_iPhone = "UIInterfaceOrientationPortrait UIInterfaceOrientationLandscapeLeft UIInterfaceOrientationLandscapeRight";
				LD_RUNPATH_SEARCH_PATHS = (
					"$(inherited)",
					"@executable_path/Frameworks",
				);
				MARKETING_VERSION = 1.0;
				PRODUCT_BUNDLE_IDENTIFIER = com.AnGri.Exam;
				PRODUCT_NAME = "$(TARGET_NAME)";
				SWIFT_EMIT_LOC_STRINGS = YES;
				SWIFT_VERSION = 5.0;
				TARGETED_DEVICE_FAMILY = "1,2";
			};
			name = Debug;
		};
		C994C458284BAD8D001C2817 /* Release */ = {
			isa = XCBuildConfiguration;
			buildSettings = {
				ASSETCATALOG_COMPILER_APPICON_NAME = AppIcon;
				ASSETCATALOG_COMPILER_GLOBAL_ACCENT_COLOR_NAME = AccentColor;
				CODE_SIGN_STYLE = Automatic;
				CURRENT_PROJECT_VERSION = 1;
				GENERATE_INFOPLIST_FILE = YES;
				INFOPLIST_FILE = Exam/Info.plist;
				INFOPLIST_KEY_UIApplicationSupportsIndirectInputEvents = YES;
				INFOPLIST_KEY_UILaunchStoryboardName = LaunchScreen;
				INFOPLIST_KEY_UIMainStoryboardFile = Main;
				INFOPLIST_KEY_UISupportedInterfaceOrientations_iPad = "UIInterfaceOrientationPortrait UIInterfaceOrientationPortraitUpsideDown UIInterfaceOrientationLandscapeLeft UIInterfaceOrientationLandscapeRight";
				INFOPLIST_KEY_UISupportedInterfaceOrientations_iPhone = "UIInterfaceOrientationPortrait UIInterfaceOrientationLandscapeLeft UIInterfaceOrientationLandscapeRight";
				LD_RUNPATH_SEARCH_PATHS = (
					"$(inherited)",
					"@executable_path/Frameworks",
				);
				MARKETING_VERSION = 1.0;
				PRODUCT_BUNDLE_IDENTIFIER = com.AnGri.Exam;
				PRODUCT_NAME = "$(TARGET_NAME)";
				SWIFT_EMIT_LOC_STRINGS = YES;
				SWIFT_VERSION = 5.0;
				TARGETED_DEVICE_FAMILY = "1,2";
			};
			name = Release;
		};
/* End XCBuildConfiguration section */

/* Begin XCConfigurationList section */
		C994C43D284BAD8B001C2817 /* Build configuration list for PBXProject "Exam" */ = {
			isa = XCConfigurationList;
			buildConfigurations = (
				C994C454284BAD8D001C2817 /* Debug */,
				C994C455284BAD8D001C2817 /* Release */,
			);
			defaultConfigurationIsVisible = 0;
			defaultConfigurationName = Release;
		};
		C994C456284BAD8D001C2817 /* Build configuration list for PBXNativeTarget "Exam" */ = {
			isa = XCConfigurationList;
			buildConfigurations = (
				C994C457284BAD8D001C2817 /* Debug */,
				C994C458284BAD8D001C2817 /* Release */,
			);
			defaultConfigurationIsVisible = 0;
			defaultConfigurationName = Release;
		};
/* End XCConfigurationList section */
	};
	rootObject = C994C43A284BAD8B001C2817 /* Project object */;
}
